
Microsoft Visual Studio Solution File, Format Version 12.00
# Visual Studio 14
VisualStudioVersion = 14.0.25420.1
MinimumVisualStudioVersion = 10.0.40219.1
Project("{FAE04EC0-301F-11D3-BF4B-00C04F79EFBC}") = "CSV", "CSV\CSV.csproj", "{EA89BF7C-C14C-43A9-A5BC-4B415AC485FD}"
EndProject
Global
	GlobalSection(SolutionConfigurationPlatforms) = preSolution
		Debug|Any CPU = Debug|Any CPU
		Release|Any CPU = Release|Any CPU
	EndGlobalSection
	GlobalSection(ProjectConfigurationPlatforms) = postSolution
		{EA89BF7C-C14C-43A9-A5BC-4B415AC485FD}.Debug|Any CPU.ActiveCfg = Debug|Any CPU
		{EA89BF7C-C14C-43A9-A5BC-4B415AC485FD}.Debug|Any CPU.Build.0 = Debug|Any CPU
		{EA89BF7C-C14C-43A9-A5BC-4B415AC485FD}.Release|Any CPU.ActiveCfg = Release|Any CPU
		{EA89BF7C-C14C-43A9-A5BC-4B415AC485FD}.Release|Any CPU.Build.0 = Release|Any CPU
	EndGlobalSection
	GlobalSection(SolutionProperties) = preSolution
		HideSolutionNode = FALSE
	EndGlobalSection
EndGlobal
